// !$*UTF8*$!
{
	archiveVersion = 1;
	classes = {
	};
	objectVersion = 56;
	objects = {

/* Begin PBXBuildFile section */
		8E347B5C2AB8631300DC085C /* MovieListView.swift in Sources */ = {isa = PBXBuildFile; fileRef = 8E347B5A2AB8631300DC085C /* MovieListView.swift */; };
		8E347B5D2AB8631300DC085C /* TrendingCard.swift in Sources */ = {isa = PBXBuildFile; fileRef = 8E347B5B2AB8631300DC085C /* TrendingCard.swift */; };
		8E347B672AB863BF00DC085C /* MovieDetailView.swift in Sources */ = {isa = PBXBuildFile; fileRef = 8E347B652AB863BE00DC085C /* MovieDetailView.swift */; };
		8E347B682AB863BF00DC085C /* ActorsView.swift in Sources */ = {isa = PBXBuildFile; fileRef = 8E347B662AB863BF00DC085C /* ActorsView.swift */; };
		8E347B6E2AB863F300DC085C /* MovieDetailsViewModel.swift in Sources */ = {isa = PBXBuildFile; fileRef = 8E347B6A2AB863F300DC085C /* MovieDetailsViewModel.swift */; };
		8E347B6F2AB863F300DC085C /* TrendingResults.swift in Sources */ = {isa = PBXBuildFile; fileRef = 8E347B6B2AB863F300DC085C /* TrendingResults.swift */; };
		8E347B702AB863F300DC085C /* MovieDiscoverViewModel.swift in Sources */ = {isa = PBXBuildFile; fileRef = 8E347B6C2AB863F300DC085C /* MovieDiscoverViewModel.swift */; };
		8E347B712AB863F300DC085C /* Movie.swift in Sources */ = {isa = PBXBuildFile; fileRef = 8E347B6D2AB863F300DC085C /* Movie.swift */; };
		8E347B742AB88B9C00DC085C /* UserProfileView.swift in Sources */ = {isa = PBXBuildFile; fileRef = 8E347B732AB88B9C00DC085C /* UserProfileView.swift */; };
		8E347B762AB88D7100DC085C /* FavoriteMoviesView.swift in Sources */ = {isa = PBXBuildFile; fileRef = 8E347B752AB88D7100DC085C /* FavoriteMoviesView.swift */; };
		8E45ED622AB828D200B8CD66 /* TBDM.swift in Sources */ = {isa = PBXBuildFile; fileRef = 8E45ED612AB828D200B8CD66 /* TBDM.swift */; };
		8E45ED662AB828D300B8CD66 /* Assets.xcassets in Resources */ = {isa = PBXBuildFile; fileRef = 8E45ED652AB828D300B8CD66 /* Assets.xcassets */; };
		8E45ED692AB828D300B8CD66 /* Preview Assets.xcassets in Resources */ = {isa = PBXBuildFile; fileRef = 8E45ED682AB828D300B8CD66 /* Preview Assets.xcassets */; };
/* End PBXBuildFile section */

/* Begin PBXFileReference section */
		8E347B5A2AB8631300DC085C /* MovieListView.swift */ = {isa = PBXFileReference; fileEncoding = 4; lastKnownFileType = sourcecode.swift; path = MovieListView.swift; sourceTree = "<group>"; };
		8E347B5B2AB8631300DC085C /* TrendingCard.swift */ = {isa = PBXFileReference; fileEncoding = 4; lastKnownFileType = sourcecode.swift; path = TrendingCard.swift; sourceTree = "<group>"; };
		8E347B652AB863BE00DC085C /* MovieDetailView.swift */ = {isa = PBXFileReference; fileEncoding = 4; lastKnownFileType = sourcecode.swift; path = MovieDetailView.swift; sourceTree = "<group>"; };
		8E347B662AB863BF00DC085C /* ActorsView.swift */ = {isa = PBXFileReference; fileEncoding = 4; lastKnownFileType = sourcecode.swift; path = ActorsView.swift; sourceTree = "<group>"; };
		8E347B6A2AB863F300DC085C /* MovieDetailsViewModel.swift */ = {isa = PBXFileReference; fileEncoding = 4; lastKnownFileType = sourcecode.swift; path = MovieDetailsViewModel.swift; sourceTree = "<group>"; };
		8E347B6B2AB863F300DC085C /* TrendingResults.swift */ = {isa = PBXFileReference; fileEncoding = 4; lastKnownFileType = sourcecode.swift; path = TrendingResults.swift; sourceTree = "<group>"; };
		8E347B6C2AB863F300DC085C /* MovieDiscoverViewModel.swift */ = {isa = PBXFileReference; fileEncoding = 4; lastKnownFileType = sourcecode.swift; path = MovieDiscoverViewModel.swift; sourceTree = "<group>"; };
		8E347B6D2AB863F300DC085C /* Movie.swift */ = {isa = PBXFileReference; fileEncoding = 4; lastKnownFileType = sourcecode.swift; path = Movie.swift; sourceTree = "<group>"; };
		8E347B732AB88B9C00DC085C /* UserProfileView.swift */ = {isa = PBXFileReference; lastKnownFileType = sourcecode.swift; path = UserProfileView.swift; sourceTree = "<group>"; };
		8E347B752AB88D7100DC085C /* FavoriteMoviesView.swift */ = {isa = PBXFileReference; lastKnownFileType = sourcecode.swift; path = FavoriteMoviesView.swift; sourceTree = "<group>"; };
		8E45ED5E2AB828D200B8CD66 /* TBDMPlatformTestTask.app */ = {isa = PBXFileReference; explicitFileType = wrapper.application; includeInIndex = 0; path = TBDMPlatformTestTask.app; sourceTree = BUILT_PRODUCTS_DIR; };
		8E45ED612AB828D200B8CD66 /* TBDM.swift */ = {isa = PBXFileReference; lastKnownFileType = sourcecode.swift; path = TBDM.swift; sourceTree = "<group>"; };
		8E45ED652AB828D300B8CD66 /* Assets.xcassets */ = {isa = PBXFileReference; lastKnownFileType = folder.assetcatalog; path = Assets.xcassets; sourceTree = "<group>"; };
		8E45ED682AB828D300B8CD66 /* Preview Assets.xcassets */ = {isa = PBXFileReference; lastKnownFileType = folder.assetcatalog; path = "Preview Assets.xcassets"; sourceTree = "<group>"; };
/* End PBXFileReference section */

/* Begin PBXFrameworksBuildPhase section */
		8E45ED5B2AB828D200B8CD66 /* Frameworks */ = {
			isa = PBXFrameworksBuildPhase;
			buildActionMask = 2147483647;
			files = (
			);
			runOnlyForDeploymentPostprocessing = 0;
		};
/* End PBXFrameworksBuildPhase section */

/* Begin PBXGroup section */
		8E347B582AB862B700DC085C /* view */ = {
			isa = PBXGroup;
			children = (
				8E347B722AB88B8000DC085C /* Plugs */,
				8E347B642AB8638F00DC085C /* MovieDetails */,
				8E347B592AB862FF00DC085C /* DiscoverView */,
			);
			path = view;
			sourceTree = "<group>";
		};
		8E347B592AB862FF00DC085C /* DiscoverView */ = {
			isa = PBXGroup;
			children = (
				8E347B5A2AB8631300DC085C /* MovieListView.swift */,
				8E347B5B2AB8631300DC085C /* TrendingCard.swift */,
			);
			path = DiscoverView;
			sourceTree = "<group>";
		};
		8E347B642AB8638F00DC085C /* MovieDetails */ = {
			isa = PBXGroup;
			children = (
				8E347B662AB863BF00DC085C /* ActorsView.swift */,
				8E347B652AB863BE00DC085C /* MovieDetailView.swift */,
			);
			path = MovieDetails;
			sourceTree = "<group>";
		};
		8E347B692AB863D700DC085C /* model */ = {
			isa = PBXGroup;
			children = (
				8E347B6D2AB863F300DC085C /* Movie.swift */,
				8E347B6A2AB863F300DC085C /* MovieDetailsViewModel.swift */,
				8E347B6C2AB863F300DC085C /* MovieDiscoverViewModel.swift */,
				8E347B6B2AB863F300DC085C /* TrendingResults.swift */,
			);
			path = model;
			sourceTree = "<group>";
		};
		8E347B722AB88B8000DC085C /* Plugs */ = {
			isa = PBXGroup;
			children = (
				8E347B732AB88B9C00DC085C /* UserProfileView.swift */,
				8E347B752AB88D7100DC085C /* FavoriteMoviesView.swift */,
			);
			path = Plugs;
			sourceTree = "<group>";
		};
		8E45ED552AB828D200B8CD66 = {
			isa = PBXGroup;
			children = (
				8E45ED602AB828D200B8CD66 /* TBDMPlatformTestTask */,
				8E45ED5F2AB828D200B8CD66 /* Products */,
			);
			sourceTree = "<group>";
		};
		8E45ED5F2AB828D200B8CD66 /* Products */ = {
			isa = PBXGroup;
			children = (
				8E45ED5E2AB828D200B8CD66 /* TBDMPlatformTestTask.app */,
			);
			name = Products;
			sourceTree = "<group>";
		};
		8E45ED602AB828D200B8CD66 /* TBDMPlatformTestTask */ = {
			isa = PBXGroup;
			children = (
				8E45ED612AB828D200B8CD66 /* TBDM.swift */,
				8E347B582AB862B700DC085C /* view */,
				8E347B692AB863D700DC085C /* model */,
				8E45ED652AB828D300B8CD66 /* Assets.xcassets */,
				8E45ED672AB828D300B8CD66 /* Preview Content */,
			);
			path = TBDMPlatformTestTask;
			sourceTree = "<group>";
		};
		8E45ED672AB828D300B8CD66 /* Preview Content */ = {
			isa = PBXGroup;
			children = (
				8E45ED682AB828D300B8CD66 /* Preview Assets.xcassets */,
			);
			path = "Preview Content";
			sourceTree = "<group>";
		};
/* End PBXGroup section */

/* Begin PBXNativeTarget section */
		8E45ED5D2AB828D200B8CD66 /* TBDMPlatformTestTask */ = {
			isa = PBXNativeTarget;
			buildConfigurationList = 8E45ED6C2AB828D300B8CD66 /* Build configuration list for PBXNativeTarget "TBDMPlatformTestTask" */;
			buildPhases = (
				8E45ED5A2AB828D200B8CD66 /* Sources */,
				8E45ED5B2AB828D200B8CD66 /* Frameworks */,
				8E45ED5C2AB828D200B8CD66 /* Resources */,
			);
			buildRules = (
			);
			dependencies = (
			);
			name = TBDMPlatformTestTask;
			productName = TBDMPlatformTestTask;
			productReference = 8E45ED5E2AB828D200B8CD66 /* TBDMPlatformTestTask.app */;
			productType = "com.apple.product-type.application";
		};
/* End PBXNativeTarget section */

/* Begin PBXProject section */
		8E45ED562AB828D200B8CD66 /* Project object */ = {
			isa = PBXProject;
			attributes = {
				BuildIndependentTargetsInParallel = 1;
				LastSwiftUpdateCheck = 1430;
				LastUpgradeCheck = 1430;
				TargetAttributes = {
					8E45ED5D2AB828D200B8CD66 = {
						CreatedOnToolsVersion = 14.3.1;
					};
				};
			};
			buildConfigurationList = 8E45ED592AB828D200B8CD66 /* Build configuration list for PBXProject "TBDMPlatformTestTask" */;
			compatibilityVersion = "Xcode 14.0";
			developmentRegion = en;
			hasScannedForEncodings = 0;
			knownRegions = (
				en,
				Base,
			);
			mainGroup = 8E45ED552AB828D200B8CD66;
			productRefGroup = 8E45ED5F2AB828D200B8CD66 /* Products */;
			projectDirPath = "";
			projectRoot = "";
			targets = (
				8E45ED5D2AB828D200B8CD66 /* TBDMPlatformTestTask */,
			);
		};
/* End PBXProject section */

/* Begin PBXResourcesBuildPhase section */
		8E45ED5C2AB828D200B8CD66 /* Resources */ = {
			isa = PBXResourcesBuildPhase;
			buildActionMask = 2147483647;
			files = (
				8E45ED692AB828D300B8CD66 /* Preview Assets.xcassets in Resources */,
				8E45ED662AB828D300B8CD66 /* Assets.xcassets in Resources */,
			);
			runOnlyForDeploymentPostprocessing = 0;
		};
/* End PBXResourcesBuildPhase section */

/* Begin PBXSourcesBuildPhase section */
		8E45ED5A2AB828D200B8CD66 /* Sources */ = {
			isa = PBXSourcesBuildPhase;
			buildActionMask = 2147483647;
			files = (
				8E347B762AB88D7100DC085C /* FavoriteMoviesView.swift in Sources */,
				8E347B5D2AB8631300DC085C /* TrendingCard.swift in Sources */,
				8E45ED622AB828D200B8CD66 /* TBDM.swift in Sources */,
				8E347B712AB863F300DC085C /* Movie.swift in Sources */,
				8E347B702AB863F300DC085C /* MovieDiscoverViewModel.swift in Sources */,
				8E347B6E2AB863F300DC085C /* MovieDetailsViewModel.swift in Sources */,
				8E347B742AB88B9C00DC085C /* UserProfileView.swift in Sources */,
				8E347B672AB863BF00DC085C /* MovieDetailView.swift in Sources */,
				8E347B6F2AB863F300DC085C /* TrendingResults.swift in Sources */,
				8E347B682AB863BF00DC085C /* ActorsView.swift in Sources */,
				8E347B5C2AB8631300DC085C /* MovieListView.swift in Sources */,
			);
			runOnlyForDeploymentPostprocessing = 0;
		};
/* End PBXSourcesBuildPhase section */

/* Begin XCBuildConfiguration section */
		8E45ED6A2AB828D300B8CD66 /* Debug */ = {
			isa = XCBuildConfiguration;
			buildSettings = {
				ALWAYS_SEARCH_USER_PATHS = NO;
				CLANG_ANALYZER_NONNULL = YES;
				CLANG_ANALYZER_NUMBER_OBJECT_CONVERSION = YES_AGGRESSIVE;
				CLANG_CXX_LANGUAGE_STANDARD = "gnu++20";
				CLANG_ENABLE_MODULES = YES;
				CLANG_ENABLE_OBJC_ARC = YES;
				CLANG_ENABLE_OBJC_WEAK = YES;
				CLANG_WARN_BLOCK_CAPTURE_AUTORELEASING = YES;
				CLANG_WARN_BOOL_CONVERSION = YES;
				CLANG_WARN_COMMA = YES;
				CLANG_WARN_CONSTANT_CONVERSION = YES;
				CLANG_WARN_DEPRECATED_OBJC_IMPLEMENTATIONS = YES;
				CLANG_WARN_DIRECT_OBJC_ISA_USAGE = YES_ERROR;
				CLANG_WARN_DOCUMENTATION_COMMENTS = YES;
				CLANG_WARN_EMPTY_BODY = YES;
				CLANG_WARN_ENUM_CONVERSION = YES;
				CLANG_WARN_INFINITE_RECURSION = YES;
				CLANG_WARN_INT_CONVERSION = YES;
				CLANG_WARN_NON_LITERAL_NULL_CONVERSION = YES;
				CLANG_WARN_OBJC_IMPLICIT_RETAIN_SELF = YES;
				CLANG_WARN_OBJC_LITERAL_CONVERSION = YES;
				CLANG_WARN_OBJC_ROOT_CLASS = YES_ERROR;
				CLANG_WARN_QUOTED_INCLUDE_IN_FRAMEWORK_HEADER = YES;
				CLANG_WARN_RANGE_LOOP_ANALYSIS = YES;
				CLANG_WARN_STRICT_PROTOTYPES = YES;
				CLANG_WARN_SUSPICIOUS_MOVE = YES;
				CLANG_WARN_UNGUARDED_AVAILABILITY = YES_AGGRESSIVE;
				CLANG_WARN_UNREACHABLE_CODE = YES;
				CLANG_WARN__DUPLICATE_METHOD_MATCH = YES;
				COPY_PHASE_STRIP = NO;
				DEBUG_INFORMATION_FORMAT = dwarf;
				ENABLE_STRICT_OBJC_MSGSEND = YES;
				ENABLE_TESTABILITY = YES;
				GCC_C_LANGUAGE_STANDARD = gnu11;
				GCC_DYNAMIC_NO_PIC = NO;
				GCC_NO_COMMON_BLOCKS = YES;
				GCC_OPTIMIZATION_LEVEL = 0;
				GCC_PREPROCESSOR_DEFINITIONS = (
					"DEBUG=1",
					"$(inherited)",
				);
				GCC_WARN_64_TO_32_BIT_CONVERSION = YES;
				GCC_WARN_ABOUT_RETURN_TYPE = YES_ERROR;
				GCC_WARN_UNDECLARED_SELECTOR = YES;
				GCC_WARN_UNINITIALIZED_AUTOS = YES_AGGRESSIVE;
				GCC_WARN_UNUSED_FUNCTION = YES;
				GCC_WARN_UNUSED_VARIABLE = YES;
				IPHONEOS_DEPLOYMENT_TARGET = 16.4;
				MTL_ENABLE_DEBUG_INFO = INCLUDE_SOURCE;
				MTL_FAST_MATH = YES;
				ONLY_ACTIVE_ARCH = YES;
				SDKROOT = iphoneos;
				SWIFT_ACTIVE_COMPILATION_CONDITIONS = DEBUG;
				SWIFT_OPTIMIZATION_LEVEL = "-Onone";
			};
			name = Debug;
		};
		8E45ED6B2AB828D300B8CD66 /* Release */ = {
			isa = XCBuildConfiguration;
			buildSettings = {
				ALWAYS_SEARCH_USER_PATHS = NO;
				CLANG_ANALYZER_NONNULL = YES;
				CLANG_ANALYZER_NUMBER_OBJECT_CONVERSION = YES_AGGRESSIVE;
				CLANG_CXX_LANGUAGE_STANDARD = "gnu++20";
				CLANG_ENABLE_MODULES = YES;
				CLANG_ENABLE_OBJC_ARC = YES;
				CLANG_ENABLE_OBJC_WEAK = YES;
				CLANG_WARN_BLOCK_CAPTURE_AUTORELEASING = YES;
				CLANG_WARN_BOOL_CONVERSION = YES;
				CLANG_WARN_COMMA = YES;
				CLANG_WARN_CONSTANT_CONVERSION = YES;
				CLANG_WARN_DEPRECATED_OBJC_IMPLEMENTATIONS = YES;
				CLANG_WARN_DIRECT_OBJC_ISA_USAGE = YES_ERROR;
				CLANG_WARN_DOCUMENTATION_COMMENTS = YES;
				CLANG_WARN_EMPTY_BODY = YES;
				CLANG_WARN_ENUM_CONVERSION = YES;
				CLANG_WARN_INFINITE_RECURSION = YES;
				CLANG_WARN_INT_CONVERSION = YES;
				CLANG_WARN_NON_LITERAL_NULL_CONVERSION = YES;
				CLANG_WARN_OBJC_IMPLICIT_RETAIN_SELF = YES;
				CLANG_WARN_OBJC_LITERAL_CONVERSION = YES;
				CLANG_WARN_OBJC_ROOT_CLASS = YES_ERROR;
				CLANG_WARN_QUOTED_INCLUDE_IN_FRAMEWORK_HEADER = YES;
				CLANG_WARN_RANGE_LOOP_ANALYSIS = YES;
				CLANG_WARN_STRICT_PROTOTYPES = YES;
				CLANG_WARN_SUSPICIOUS_MOVE = YES;
				CLANG_WARN_UNGUARDED_AVAILABILITY = YES_AGGRESSIVE;
				CLANG_WARN_UNREACHABLE_CODE = YES;
				CLANG_WARN__DUPLICATE_METHOD_MATCH = YES;
				COPY_PHASE_STRIP = NO;
				DEBUG_INFORMATION_FORMAT = "dwarf-with-dsym";
				ENABLE_NS_ASSERTIONS = NO;
				ENABLE_STRICT_OBJC_MSGSEND = YES;
				GCC_C_LANGUAGE_STANDARD = gnu11;
				GCC_NO_COMMON_BLOCKS = YES;
				GCC_WARN_64_TO_32_BIT_CONVERSION = YES;
				GCC_WARN_ABOUT_RETURN_TYPE = YES_ERROR;
				GCC_WARN_UNDECLARED_SELECTOR = YES;
				GCC_WARN_UNINITIALIZED_AUTOS = YES_AGGRESSIVE;
				GCC_WARN_UNUSED_FUNCTION = YES;
				GCC_WARN_UNUSED_VARIABLE = YES;
				IPHONEOS_DEPLOYMENT_TARGET = 16.4;
				MTL_ENABLE_DEBUG_INFO = NO;
				MTL_FAST_MATH = YES;
				SDKROOT = iphoneos;
				SWIFT_COMPILATION_MODE = wholemodule;
				SWIFT_OPTIMIZATION_LEVEL = "-O";
				VALIDATE_PRODUCT = YES;
			};
			name = Release;
		};
		8E45ED6D2AB828D300B8CD66 /* Debug */ = {
			isa = XCBuildConfiguration;
			buildSettings = {
				ASSETCATALOG_COMPILER_APPICON_NAME = AppIcon;
				ASSETCATALOG_COMPILER_GLOBAL_ACCENT_COLOR_NAME = AccentColor;
				CODE_SIGN_STYLE = Automatic;
				CURRENT_PROJECT_VERSION = 1;
				DEVELOPMENT_ASSET_PATHS = "\"TBDMPlatformTestTask/Preview Content\"";
				DEVELOPMENT_TEAM = JVA85S2MQ8;
				ENABLE_PREVIEWS = YES;
				GENERATE_INFOPLIST_FILE = YES;
				INFOPLIST_KEY_CFBundleDisplayName = TMDB;
				INFOPLIST_KEY_LSApplicationCategoryType = "public.app-category.video";
				INFOPLIST_KEY_UIApplicationSceneManifest_Generation = YES;
				INFOPLIST_KEY_UIApplicationSupportsIndirectInputEvents = YES;
				INFOPLIST_KEY_UILaunchScreen_Generation = YES;
				INFOPLIST_KEY_UISupportedInterfaceOrientations = UIInterfaceOrientationPortrait;
				INFOPLIST_KEY_UISupportedInterfaceOrientations_iPad = "UIInterfaceOrientationLandscapeLeft UIInterfaceOrientationLandscapeRight UIInterfaceOrientationPortrait UIInterfaceOrientationPortraitUpsideDown";
				LD_RUNPATH_SEARCH_PATHS = (
					"$(inherited)",
					"@executable_path/Frameworks",
				);
				MARKETING_VERSION = 1.0;
				PRODUCT_BUNDLE_IDENTIFIER = com.allmycalifornia.TBDM;
				PRODUCT_NAME = "$(TARGET_NAME)";
				SUPPORTED_PLATFORMS = "iphoneos iphonesimulator";
				SUPPORTS_MACCATALYST = NO;
				SUPPORTS_MAC_DESIGNED_FOR_IPHONE_IPAD = NO;
				SWIFT_EMIT_LOC_STRINGS = YES;
				SWIFT_VERSION = 5.0;
				TARGETED_DEVICE_FAMILY = 1;
			};
			name = Debug;
		};
		8E45ED6E2AB828D300B8CD66 /* Release */ = {
			isa = XCBuildConfiguration;
			buildSettings = {
				ASSETCATALOG_COMPILER_APPICON_NAME = AppIcon;
				ASSETCATALOG_COMPILER_GLOBAL_ACCENT_COLOR_NAME = AccentColor;
				CODE_SIGN_STYLE = Automatic;
				CURRENT_PROJECT_VERSION = 1;
				DEVELOPMENT_ASSET_PATHS = "\"TBDMPlatformTestTask/Preview Content\"";
				DEVELOPMENT_TEAM = JVA85S2MQ8;
				ENABLE_PREVIEWS = YES;
				GENERATE_INFOPLIST_FILE = YES;
				INFOPLIST_KEY_CFBundleDisplayName = TMDB;
				INFOPLIST_KEY_LSApplicationCategoryType = "public.app-category.video";
				INFOPLIST_KEY_UIApplicationSceneManifest_Generation = YES;
				INFOPLIST_KEY_UIApplicationSupportsIndirectInputEvents = YES;
				INFOPLIST_KEY_UILaunchScreen_Generation = YES;
				INFOPLIST_KEY_UISupportedInterfaceOrientations = UIInterfaceOrientationPortrait;
				INFOPLIST_KEY_UISupportedInterfaceOrientations_iPad = "UIInterfaceOrientationLandscapeLeft UIInterfaceOrientationLandscapeRight UIInterfaceOrientationPortrait UIInterfaceOrientationPortraitUpsideDown";
				LD_RUNPATH_SEARCH_PATHS = (
					"$(inherited)",
					"@executable_path/Frameworks",
				);
				MARKETING_VERSION = 1.0;
				PRODUCT_BUNDLE_IDENTIFIER = com.allmycalifornia.TBDM;
				PRODUCT_NAME = "$(TARGET_NAME)";
				SUPPORTED_PLATFORMS = "iphoneos iphonesimulator";
				SUPPORTS_MACCATALYST = NO;
				SUPPORTS_MAC_DESIGNED_FOR_IPHONE_IPAD = NO;
				SWIFT_EMIT_LOC_STRINGS = YES;
				SWIFT_VERSION = 5.0;
				TARGETED_DEVICE_FAMILY = 1;
			};
			name = Release;
		};
/* End XCBuildConfiguration section */

/* Begin XCConfigurationList section */
		8E45ED592AB828D200B8CD66 /* Build configuration list for PBXProject "TBDMPlatformTestTask" */ = {
			isa = XCConfigurationList;
			buildConfigurations = (
				8E45ED6A2AB828D300B8CD66 /* Debug */,
				8E45ED6B2AB828D300B8CD66 /* Release */,
			);
			defaultConfigurationIsVisible = 0;
			defaultConfigurationName = Release;
		};
		8E45ED6C2AB828D300B8CD66 /* Build configuration list for PBXNativeTarget "TBDMPlatformTestTask" */ = {
			isa = XCConfigurationList;
			buildConfigurations = (
				8E45ED6D2AB828D300B8CD66 /* Debug */,
				8E45ED6E2AB828D300B8CD66 /* Release */,
			);
			defaultConfigurationIsVisible = 0;
			defaultConfigurationName = Release;
		};
/* End XCConfigurationList section */
	};
	rootObject = 8E45ED562AB828D200B8CD66 /* Project object */;
}
